
Microsoft Visual Studio Solution File, Format Version 12.00
# Visual Studio 15
VisualStudioVersion = 15.0.26430.16
MinimumVisualStudioVersion = 10.0.40219.1
Project("{8BC9CEB8-8B4A-11D0-8D11-00A0C91BC942}") = "17141", "17141\17141.vcxproj", "{9E084933-B513-44FE-B112-01C2EC1CA624}"
EndProject
Global
	GlobalSection(SolutionConfigurationPlatforms) = preSolution
		Debug|x64 = Debug|x64
		Debug|x86 = Debug|x86
		Release|x64 = Release|x64
		Release|x86 = Release|x86
	EndGlobalSection
	GlobalSection(ProjectConfigurationPlatforms) = postSolution
		{9E084933-B513-44FE-B112-01C2EC1CA624}.Debug|x64.ActiveCfg = Debug|x64
		{9E084933-B513-44FE-B112-01C2EC1CA624}.Debug|x64.Build.0 = Debug|x64
		{9E084933-B513-44FE-B112-01C2EC1CA624}.Debug|x86.ActiveCfg = Debug|Win32
		{9E084933-B513-44FE-B112-01C2EC1CA624}.Debug|x86.Build.0 = Debug|Win32
		{9E084933-B513-44FE-B112-01C2EC1CA624}.Release|x64.ActiveCfg = Release|x64
		{9E084933-B513-44FE-B112-01C2EC1CA624}.Release|x64.Build.0 = Release|x64
		{9E084933-B513-44FE-B112-01C2EC1CA624}.Release|x86.ActiveCfg = Release|Win32
		{9E084933-B513-44FE-B112-01C2EC1CA624}.Release|x86.Build.0 = Release|Win32
	EndGlobalSection
	GlobalSection(SolutionProperties) = preSolution
		HideSolutionNode = FALSE
	EndGlobalSection
EndGlobal
